// !$*UTF8*$!
{
	archiveVersion = 1;
	classes = {
	};
	objectVersion = 46;
	objects = {

/* Begin PBXBuildFile section */
		806142FB15DA843900A01374 /* Storyboard.storyboard in Resources */ = {isa = PBXBuildFile; fileRef = 806142FA15DA843900A01374 /* Storyboard.storyboard */; };
		8061430D15DA8A5700A01374 /* StoryViewController.m in Sources */ = {isa = PBXBuildFile; fileRef = 8061430C15DA8A5700A01374 /* StoryViewController.m */; };
		8061431615DA8A8100A01374 /* SettingViewController.m in Sources */ = {isa = PBXBuildFile; fileRef = 8061431515DA8A8100A01374 /* SettingViewController.m */; };
		8061431915DA8D3700A01374 /* LoveViewController.m in Sources */ = {isa = PBXBuildFile; fileRef = 8061431815DA8D3700A01374 /* LoveViewController.m */; };
		8061431C15DA8D4800A01374 /* ShoppingViewController.m in Sources */ = {isa = PBXBuildFile; fileRef = 8061431B15DA8D4800A01374 /* ShoppingViewController.m */; };
		80FDE9CA15C8102E00F8905B /* UIKit.framework in Frameworks */ = {isa = PBXBuildFile; fileRef = 80FDE9C915C8102E00F8905B /* UIKit.framework */; };
		80FDE9CC15C8102E00F8905B /* Foundation.framework in Frameworks */ = {isa = PBXBuildFile; fileRef = 80FDE9CB15C8102E00F8905B /* Foundation.framework */; };
		80FDE9CE15C8102E00F8905B /* CoreGraphics.framework in Frameworks */ = {isa = PBXBuildFile; fileRef = 80FDE9CD15C8102E00F8905B /* CoreGraphics.framework */; };
		80FDE9D415C8102E00F8905B /* InfoPlist.strings in Resources */ = {isa = PBXBuildFile; fileRef = 80FDE9D215C8102E00F8905B /* InfoPlist.strings */; };
		80FDE9D615C8102E00F8905B /* main.m in Sources */ = {isa = PBXBuildFile; fileRef = 80FDE9D515C8102E00F8905B /* main.m */; };
		80FDE9DA15C8102E00F8905B /* AppDelegate.m in Sources */ = {isa = PBXBuildFile; fileRef = 80FDE9D915C8102E00F8905B /* AppDelegate.m */; };
		80FDE9E215C8102F00F8905B /* SenTestingKit.framework in Frameworks */ = {isa = PBXBuildFile; fileRef = 80FDE9E115C8102F00F8905B /* SenTestingKit.framework */; };
		80FDE9E315C8102F00F8905B /* UIKit.framework in Frameworks */ = {isa = PBXBuildFile; fileRef = 80FDE9C915C8102E00F8905B /* UIKit.framework */; };
		80FDE9E415C8102F00F8905B /* Foundation.framework in Frameworks */ = {isa = PBXBuildFile; fileRef = 80FDE9CB15C8102E00F8905B /* Foundation.framework */; };
		80FDE9EC15C8102F00F8905B /* InfoPlist.strings in Resources */ = {isa = PBXBuildFile; fileRef = 80FDE9EA15C8102F00F8905B /* InfoPlist.strings */; };
		80FDE9EF15C8102F00F8905B /* EmptyTests.m in Sources */ = {isa = PBXBuildFile; fileRef = 80FDE9EE15C8102F00F8905B /* EmptyTests.m */; };
		80FDEA0315C8199600F8905B /* 29-heart.png in Resources */ = {isa = PBXBuildFile; fileRef = 80FDEA0215C8199600F8905B /* 29-heart.png */; };
		80FDEA0515C819A200F8905B /* 35-shopping.png in Resources */ = {isa = PBXBuildFile; fileRef = 80FDEA0415C819A200F8905B /* 35-shopping.png */; };
		80FDEA0815C819CF00F8905B /* 157-wrench.png in Resources */ = {isa = PBXBuildFile; fileRef = 80FDEA0615C819CF00F8905B /* 157-wrench.png */; };
		80FDEA0915C819CF00F8905B /* 180-stickynote.png in Resources */ = {isa = PBXBuildFile; fileRef = 80FDEA0715C819CF00F8905B /* 180-stickynote.png */; };
/* End PBXBuildFile section */

/* Begin PBXContainerItemProxy section */
		80FDE9E515C8102F00F8905B /* PBXContainerItemProxy */ = {
			isa = PBXContainerItemProxy;
			containerPortal = 80FDE9BC15C8102E00F8905B /* Project object */;
			proxyType = 1;
			remoteGlobalIDString = 80FDE9C415C8102E00F8905B;
			remoteInfo = Empty;
		};
/* End PBXContainerItemProxy section */

/* Begin PBXFileReference section */
		806142FA15DA843900A01374 /* Storyboard.storyboard */ = {isa = PBXFileReference; fileEncoding = 4; lastKnownFileType = file.storyboard; path = Storyboard.storyboard; sourceTree = "<group>"; };
		8061430B15DA8A5700A01374 /* StoryViewController.h */ = {isa = PBXFileReference; fileEncoding = 4; lastKnownFileType = sourcecode.c.h; path = StoryViewController.h; sourceTree = "<group>"; };
		8061430C15DA8A5700A01374 /* StoryViewController.m */ = {isa = PBXFileReference; fileEncoding = 4; lastKnownFileType = sourcecode.c.objc; path = StoryViewController.m; sourceTree = "<group>"; };
		8061431415DA8A8100A01374 /* SettingViewController.h */ = {isa = PBXFileReference; fileEncoding = 4; lastKnownFileType = sourcecode.c.h; name = SettingViewController.h; path = ../SettingViewController.h; sourceTree = "<group>"; };
		8061431515DA8A8100A01374 /* SettingViewController.m */ = {isa = PBXFileReference; fileEncoding = 4; lastKnownFileType = sourcecode.c.objc; name = SettingViewController.m; path = ../SettingViewController.m; sourceTree = "<group>"; };
		8061431715DA8D3700A01374 /* LoveViewController.h */ = {isa = PBXFileReference; fileEncoding = 4; lastKnownFileType = sourcecode.c.h; path = LoveViewController.h; sourceTree = "<group>"; };
		8061431815DA8D3700A01374 /* LoveViewController.m */ = {isa = PBXFileReference; fileEncoding = 4; lastKnownFileType = sourcecode.c.objc; path = LoveViewController.m; sourceTree = "<group>"; };
		8061431A15DA8D4800A01374 /* ShoppingViewController.h */ = {isa = PBXFileReference; fileEncoding = 4; lastKnownFileType = sourcecode.c.h; path = ShoppingViewController.h; sourceTree = "<group>"; };
		8061431B15DA8D4800A01374 /* ShoppingViewController.m */ = {isa = PBXFileReference; fileEncoding = 4; lastKnownFileType = sourcecode.c.objc; path = ShoppingViewController.m; sourceTree = "<group>"; };
		80FDE9C515C8102E00F8905B /* Empty.app */ = {isa = PBXFileReference; explicitFileType = wrapper.application; includeInIndex = 0; path = Empty.app; sourceTree = BUILT_PRODUCTS_DIR; };
		80FDE9C915C8102E00F8905B /* UIKit.framework */ = {isa = PBXFileReference; lastKnownFileType = wrapper.framework; name = UIKit.framework; path = System/Library/Frameworks/UIKit.framework; sourceTree = SDKROOT; };
		80FDE9CB15C8102E00F8905B /* Foundation.framework */ = {isa = PBXFileReference; lastKnownFileType = wrapper.framework; name = Foundation.framework; path = System/Library/Frameworks/Foundation.framework; sourceTree = SDKROOT; };
		80FDE9CD15C8102E00F8905B /* CoreGraphics.framework */ = {isa = PBXFileReference; lastKnownFileType = wrapper.framework; name = CoreGraphics.framework; path = System/Library/Frameworks/CoreGraphics.framework; sourceTree = SDKROOT; };
		80FDE9D115C8102E00F8905B /* Empty-Info.plist */ = {isa = PBXFileReference; lastKnownFileType = text.plist.xml; path = "Empty-Info.plist"; sourceTree = "<group>"; };
		80FDE9D315C8102E00F8905B /* en */ = {isa = PBXFileReference; lastKnownFileType = text.plist.strings; name = en; path = en.lproj/InfoPlist.strings; sourceTree = "<group>"; };
		80FDE9D515C8102E00F8905B /* main.m */ = {isa = PBXFileReference; lastKnownFileType = sourcecode.c.objc; path = main.m; sourceTree = "<group>"; };
		80FDE9D715C8102E00F8905B /* Empty-Prefix.pch */ = {isa = PBXFileReference; lastKnownFileType = sourcecode.c.h; path = "Empty-Prefix.pch"; sourceTree = "<group>"; };
		80FDE9D815C8102E00F8905B /* AppDelegate.h */ = {isa = PBXFileReference; lastKnownFileType = sourcecode.c.h; path = AppDelegate.h; sourceTree = "<group>"; };
		80FDE9D915C8102E00F8905B /* AppDelegate.m */ = {isa = PBXFileReference; lastKnownFileType = sourcecode.c.objc; path = AppDelegate.m; sourceTree = "<group>"; };
		80FDE9E015C8102F00F8905B /* EmptyTests.octest */ = {isa = PBXFileReference; explicitFileType = wrapper.cfbundle; includeInIndex = 0; path = EmptyTests.octest; sourceTree = BUILT_PRODUCTS_DIR; };
		80FDE9E115C8102F00F8905B /* SenTestingKit.framework */ = {isa = PBXFileReference; lastKnownFileType = wrapper.framework; name = SenTestingKit.framework; path = Library/Frameworks/SenTestingKit.framework; sourceTree = DEVELOPER_DIR; };
		80FDE9E915C8102F00F8905B /* EmptyTests-Info.plist */ = {isa = PBXFileReference; lastKnownFileType = text.plist.xml; path = "EmptyTests-Info.plist"; sourceTree = "<group>"; };
		80FDE9EB15C8102F00F8905B /* en */ = {isa = PBXFileReference; lastKnownFileType = text.plist.strings; name = en; path = en.lproj/InfoPlist.strings; sourceTree = "<group>"; };
		80FDE9ED15C8102F00F8905B /* EmptyTests.h */ = {isa = PBXFileReference; lastKnownFileType = sourcecode.c.h; path = EmptyTests.h; sourceTree = "<group>"; };
		80FDE9EE15C8102F00F8905B /* EmptyTests.m */ = {isa = PBXFileReference; lastKnownFileType = sourcecode.c.objc; path = EmptyTests.m; sourceTree = "<group>"; };
		80FDEA0215C8199600F8905B /* 29-heart.png */ = {isa = PBXFileReference; lastKnownFileType = image.png; path = "29-heart.png"; sourceTree = "<group>"; };
		80FDEA0415C819A200F8905B /* 35-shopping.png */ = {isa = PBXFileReference; lastKnownFileType = image.png; path = "35-shopping.png"; sourceTree = "<group>"; };
		80FDEA0615C819CF00F8905B /* 157-wrench.png */ = {isa = PBXFileReference; lastKnownFileType = image.png; path = "157-wrench.png"; sourceTree = "<group>"; };
		80FDEA0715C819CF00F8905B /* 180-stickynote.png */ = {isa = PBXFileReference; lastKnownFileType = image.png; path = "180-stickynote.png"; sourceTree = "<group>"; };
/* End PBXFileReference section */

/* Begin PBXFrameworksBuildPhase section */
		80FDE9C215C8102E00F8905B /* Frameworks */ = {
			isa = PBXFrameworksBuildPhase;
			buildActionMask = 2147483647;
			files = (
				80FDE9CA15C8102E00F8905B /* UIKit.framework in Frameworks */,
				80FDE9CC15C8102E00F8905B /* Foundation.framework in Frameworks */,
				80FDE9CE15C8102E00F8905B /* CoreGraphics.framework in Frameworks */,
			);
			runOnlyForDeploymentPostprocessing = 0;
		};
		80FDE9DC15C8102F00F8905B /* Frameworks */ = {
			isa = PBXFrameworksBuildPhase;
			buildActionMask = 2147483647;
			files = (
				80FDE9E215C8102F00F8905B /* SenTestingKit.framework in Frameworks */,
				80FDE9E315C8102F00F8905B /* UIKit.framework in Frameworks */,
				80FDE9E415C8102F00F8905B /* Foundation.framework in Frameworks */,
			);
			runOnlyForDeploymentPostprocessing = 0;
		};
/* End PBXFrameworksBuildPhase section */

/* Begin PBXGroup section */
		80FDE9BA15C8102E00F8905B = {
			isa = PBXGroup;
			children = (
				80FDE9CF15C8102E00F8905B /* Empty */,
				80FDE9E715C8102F00F8905B /* EmptyTests */,
				80FDE9C815C8102E00F8905B /* Frameworks */,
				80FDE9C615C8102E00F8905B /* Products */,
			);
			sourceTree = "<group>";
		};
		80FDE9C615C8102E00F8905B /* Products */ = {
			isa = PBXGroup;
			children = (
				80FDE9C515C8102E00F8905B /* Empty.app */,
				80FDE9E015C8102F00F8905B /* EmptyTests.octest */,
			);
			name = Products;
			sourceTree = "<group>";
		};
		80FDE9C815C8102E00F8905B /* Frameworks */ = {
			isa = PBXGroup;
			children = (
				80FDE9C915C8102E00F8905B /* UIKit.framework */,
				80FDE9CB15C8102E00F8905B /* Foundation.framework */,
				80FDE9CD15C8102E00F8905B /* CoreGraphics.framework */,
				80FDE9E115C8102F00F8905B /* SenTestingKit.framework */,
			);
			name = Frameworks;
			sourceTree = "<group>";
		};
		80FDE9CF15C8102E00F8905B /* Empty */ = {
			isa = PBXGroup;
			children = (
				8061431415DA8A8100A01374 /* SettingViewController.h */,
				8061431515DA8A8100A01374 /* SettingViewController.m */,
				80FDE9D815C8102E00F8905B /* AppDelegate.h */,
				80FDE9D915C8102E00F8905B /* AppDelegate.m */,
				80FDE9D015C8102E00F8905B /* Supporting Files */,
				806142FA15DA843900A01374 /* Storyboard.storyboard */,
				8061430B15DA8A5700A01374 /* StoryViewController.h */,
				8061430C15DA8A5700A01374 /* StoryViewController.m */,
				8061431715DA8D3700A01374 /* LoveViewController.h */,
				8061431815DA8D3700A01374 /* LoveViewController.m */,
				8061431A15DA8D4800A01374 /* ShoppingViewController.h */,
				8061431B15DA8D4800A01374 /* ShoppingViewController.m */,
			);
			path = Empty;
			sourceTree = "<group>";
		};
		80FDE9D015C8102E00F8905B /* Supporting Files */ = {
			isa = PBXGroup;
			children = (
				80FDEA0615C819CF00F8905B /* 157-wrench.png */,
				80FDEA0715C819CF00F8905B /* 180-stickynote.png */,
				80FDEA0415C819A200F8905B /* 35-shopping.png */,
				80FDE9D115C8102E00F8905B /* Empty-Info.plist */,
				80FDE9D215C8102E00F8905B /* InfoPlist.strings */,
				80FDEA0215C8199600F8905B /* 29-heart.png */,
				80FDE9D515C8102E00F8905B /* main.m */,
				80FDE9D715C8102E00F8905B /* Empty-Prefix.pch */,
			);
			name = "Supporting Files";
			sourceTree = "<group>";
		};
		80FDE9E715C8102F00F8905B /* EmptyTests */ = {
			isa = PBXGroup;
			children = (
				80FDE9ED15C8102F00F8905B /* EmptyTests.h */,
				80FDE9EE15C8102F00F8905B /* EmptyTests.m */,
				80FDE9E815C8102F00F8905B /* Supporting Files */,
			);
			path = EmptyTests;
			sourceTree = "<group>";
		};
		80FDE9E815C8102F00F8905B /* Supporting Files */ = {
			isa = PBXGroup;
			children = (
				80FDE9E915C8102F00F8905B /* EmptyTests-Info.plist */,
				80FDE9EA15C8102F00F8905B /* InfoPlist.strings */,
			);
			name = "Supporting Files";
			sourceTree = "<group>";
		};
/* End PBXGroup section */

/* Begin PBXNativeTarget section */
		80FDE9C415C8102E00F8905B /* Empty */ = {
			isa = PBXNativeTarget;
			buildConfigurationList = 80FDE9F215C8102F00F8905B /* Build configuration list for PBXNativeTarget "Empty" */;
			buildPhases = (
				80FDE9C115C8102E00F8905B /* Sources */,
				80FDE9C215C8102E00F8905B /* Frameworks */,
				80FDE9C315C8102E00F8905B /* Resources */,
			);
			buildRules = (
			);
			dependencies = (
			);
			name = Empty;
			productName = Empty;
			productReference = 80FDE9C515C8102E00F8905B /* Empty.app */;
			productType = "com.apple.product-type.application";
		};
		80FDE9DF15C8102F00F8905B /* EmptyTests */ = {
			isa = PBXNativeTarget;
			buildConfigurationList = 80FDE9F515C8102F00F8905B /* Build configuration list for PBXNativeTarget "EmptyTests" */;
			buildPhases = (
				80FDE9DB15C8102F00F8905B /* Sources */,
				80FDE9DC15C8102F00F8905B /* Frameworks */,
				80FDE9DD15C8102F00F8905B /* Resources */,
				80FDE9DE15C8102F00F8905B /* ShellScript */,
			);
			buildRules = (
			);
			dependencies = (
				80FDE9E615C8102F00F8905B /* PBXTargetDependency */,
			);
			name = EmptyTests;
			productName = EmptyTests;
			productReference = 80FDE9E015C8102F00F8905B /* EmptyTests.octest */;
			productType = "com.apple.product-type.bundle";
		};
/* End PBXNativeTarget section */

/* Begin PBXProject section */
		80FDE9BC15C8102E00F8905B /* Project object */ = {
			isa = PBXProject;
			attributes = {
				LastUpgradeCheck = 0420;
				ORGANIZATIONNAME = pinpoin.cn;
			};
			buildConfigurationList = 80FDE9BF15C8102E00F8905B /* Build configuration list for PBXProject "Empty" */;
			compatibilityVersion = "Xcode 3.2";
			developmentRegion = English;
			hasScannedForEncodings = 0;
			knownRegions = (
				en,
			);
			mainGroup = 80FDE9BA15C8102E00F8905B;
			productRefGroup = 80FDE9C615C8102E00F8905B /* Products */;
			projectDirPath = "";
			projectRoot = "";
			targets = (
				80FDE9C415C8102E00F8905B /* Empty */,
				80FDE9DF15C8102F00F8905B /* EmptyTests */,
			);
		};
/* End PBXProject section */

/* Begin PBXResourcesBuildPhase section */
		80FDE9C315C8102E00F8905B /* Resources */ = {
			isa = PBXResourcesBuildPhase;
			buildActionMask = 2147483647;
			files = (
				80FDE9D415C8102E00F8905B /* InfoPlist.strings in Resources */,
				80FDEA0315C8199600F8905B /* 29-heart.png in Resources */,
				80FDEA0515C819A200F8905B /* 35-shopping.png in Resources */,
				80FDEA0815C819CF00F8905B /* 157-wrench.png in Resources */,
				80FDEA0915C819CF00F8905B /* 180-stickynote.png in Resources */,
				806142FB15DA843900A01374 /* Storyboard.storyboard in Resources */,
			);
			runOnlyForDeploymentPostprocessing = 0;
		};
		80FDE9DD15C8102F00F8905B /* Resources */ = {
			isa = PBXResourcesBuildPhase;
			buildActionMask = 2147483647;
			files = (
				80FDE9EC15C8102F00F8905B /* InfoPlist.strings in Resources */,
			);
			runOnlyForDeploymentPostprocessing = 0;
		};
/* End PBXResourcesBuildPhase section */

/* Begin PBXShellScriptBuildPhase section */
		80FDE9DE15C8102F00F8905B /* ShellScript */ = {
			isa = PBXShellScriptBuildPhase;
			buildActionMask = 2147483647;
			files = (
			);
			inputPaths = (
			);
			outputPaths = (
			);
			runOnlyForDeploymentPostprocessing = 0;
			shellPath = /bin/sh;
			shellScript = "# Run the unit tests in this test bundle.\n\"${SYSTEM_DEVELOPER_DIR}/Tools/RunUnitTests\"\n";
		};
/* End PBXShellScriptBuildPhase section */

/* Begin PBXSourcesBuildPhase section */
		80FDE9C115C8102E00F8905B /* Sources */ = {
			isa = PBXSourcesBuildPhase;
			buildActionMask = 2147483647;
			files = (
				80FDE9D615C8102E00F8905B /* main.m in Sources */,
				80FDE9DA15C8102E00F8905B /* AppDelegate.m in Sources */,
				8061430D15DA8A5700A01374 /* StoryViewController.m in Sources */,
				8061431615DA8A8100A01374 /* SettingViewController.m in Sources */,
				8061431915DA8D3700A01374 /* LoveViewController.m in Sources */,
				8061431C15DA8D4800A01374 /* ShoppingViewController.m in Sources */,
			);
			runOnlyForDeploymentPostprocessing = 0;
		};
		80FDE9DB15C8102F00F8905B /* Sources */ = {
			isa = PBXSourcesBuildPhase;
			buildActionMask = 2147483647;
			files = (
				80FDE9EF15C8102F00F8905B /* EmptyTests.m in Sources */,
			);
			runOnlyForDeploymentPostprocessing = 0;
		};
/* End PBXSourcesBuildPhase section */

/* Begin PBXTargetDependency section */
		80FDE9E615C8102F00F8905B /* PBXTargetDependency */ = {
			isa = PBXTargetDependency;
			target = 80FDE9C415C8102E00F8905B /* Empty */;
			targetProxy = 80FDE9E515C8102F00F8905B /* PBXContainerItemProxy */;
		};
/* End PBXTargetDependency section */

/* Begin PBXVariantGroup section */
		80FDE9D215C8102E00F8905B /* InfoPlist.strings */ = {
			isa = PBXVariantGroup;
			children = (
				80FDE9D315C8102E00F8905B /* en */,
			);
			name = InfoPlist.strings;
			sourceTree = "<group>";
		};
		80FDE9EA15C8102F00F8905B /* InfoPlist.strings */ = {
			isa = PBXVariantGroup;
			children = (
				80FDE9EB15C8102F00F8905B /* en */,
			);
			name = InfoPlist.strings;
			sourceTree = "<group>";
		};
/* End PBXVariantGroup section */

/* Begin XCBuildConfiguration section */
		80FDE9F015C8102F00F8905B /* Debug */ = {
			isa = XCBuildConfiguration;
			buildSettings = {
				ALWAYS_SEARCH_USER_PATHS = NO;
				ARCHS = "$(ARCHS_STANDARD_32_BIT)";
				"CODE_SIGN_IDENTITY[sdk=iphoneos*]" = "iPhone Developer";
				COPY_PHASE_STRIP = NO;
				GCC_C_LANGUAGE_STANDARD = gnu99;
				GCC_DYNAMIC_NO_PIC = NO;
				GCC_OPTIMIZATION_LEVEL = 0;
				GCC_PREPROCESSOR_DEFINITIONS = (
					"DEBUG=1",
					"$(inherited)",
				);
				GCC_SYMBOLS_PRIVATE_EXTERN = NO;
				GCC_VERSION = com.apple.compilers.llvm.clang.1_0;
				GCC_WARN_ABOUT_MISSING_PROTOTYPES = YES;
				GCC_WARN_ABOUT_RETURN_TYPE = YES;
				GCC_WARN_UNUSED_VARIABLE = YES;
				IPHONEOS_DEPLOYMENT_TARGET = 5.0;
				SDKROOT = iphoneos;
			};
			name = Debug;
		};
		80FDE9F115C8102F00F8905B /* Release */ = {
			isa = XCBuildConfiguration;
			buildSettings = {
				ALWAYS_SEARCH_USER_PATHS = NO;
				ARCHS = "$(ARCHS_STANDARD_32_BIT)";
				"CODE_SIGN_IDENTITY[sdk=iphoneos*]" = "iPhone Developer";
				COPY_PHASE_STRIP = YES;
				GCC_C_LANGUAGE_STANDARD = gnu99;
				GCC_VERSION = com.apple.compilers.llvm.clang.1_0;
				GCC_WARN_ABOUT_MISSING_PROTOTYPES = YES;
				GCC_WARN_ABOUT_RETURN_TYPE = YES;
				GCC_WARN_UNUSED_VARIABLE = YES;
				IPHONEOS_DEPLOYMENT_TARGET = 5.0;
				OTHER_CFLAGS = "-DNS_BLOCK_ASSERTIONS=1";
				SDKROOT = iphoneos;
				VALIDATE_PRODUCT = YES;
			};
			name = Release;
		};
		80FDE9F315C8102F00F8905B /* Debug */ = {
			isa = XCBuildConfiguration;
			buildSettings = {
				GCC_PRECOMPILE_PREFIX_HEADER = YES;
				GCC_PREFIX_HEADER = "Empty/Empty-Prefix.pch";
				INFOPLIST_FILE = "Empty/Empty-Info.plist";
				PRODUCT_NAME = "$(TARGET_NAME)";
				WRAPPER_EXTENSION = app;
			};
			name = Debug;
		};
		80FDE9F415C8102F00F8905B /* Release */ = {
			isa = XCBuildConfiguration;
			buildSettings = {
				GCC_PRECOMPILE_PREFIX_HEADER = YES;
				GCC_PREFIX_HEADER = "Empty/Empty-Prefix.pch";
				INFOPLIST_FILE = "Empty/Empty-Info.plist";
				PRODUCT_NAME = "$(TARGET_NAME)";
				WRAPPER_EXTENSION = app;
			};
			name = Release;
		};
		80FDE9F615C8102F00F8905B /* Debug */ = {
			isa = XCBuildConfiguration;
			buildSettings = {
				BUNDLE_LOADER = "$(BUILT_PRODUCTS_DIR)/Empty.app/Empty";
				FRAMEWORK_SEARCH_PATHS = (
					"$(SDKROOT)/Developer/Library/Frameworks",
					"$(DEVELOPER_LIBRARY_DIR)/Frameworks",
				);
				GCC_PRECOMPILE_PREFIX_HEADER = YES;
				GCC_PREFIX_HEADER = "Empty/Empty-Prefix.pch";
				INFOPLIST_FILE = "EmptyTests/EmptyTests-Info.plist";
				PRODUCT_NAME = "$(TARGET_NAME)";
				TEST_HOST = "$(BUNDLE_LOADER)";
				WRAPPER_EXTENSION = octest;
			};
			name = Debug;
		};
		80FDE9F715C8102F00F8905B /* Release */ = {
			isa = XCBuildConfiguration;
			buildSettings = {
				BUNDLE_LOADER = "$(BUILT_PRODUCTS_DIR)/Empty.app/Empty";
				FRAMEWORK_SEARCH_PATHS = (
					"$(SDKROOT)/Developer/Library/Frameworks",
					"$(DEVELOPER_LIBRARY_DIR)/Frameworks",
				);
				GCC_PRECOMPILE_PREFIX_HEADER = YES;
				GCC_PREFIX_HEADER = "Empty/Empty-Prefix.pch";
				INFOPLIST_FILE = "EmptyTests/EmptyTests-Info.plist";
				PRODUCT_NAME = "$(TARGET_NAME)";
				TEST_HOST = "$(BUNDLE_LOADER)";
				WRAPPER_EXTENSION = octest;
			};
			name = Release;
		};
/* End XCBuildConfiguration section */

/* Begin XCConfigurationList section */
		80FDE9BF15C8102E00F8905B /* Build configuration list for PBXProject "Empty" */ = {
			isa = XCConfigurationList;
			buildConfigurations = (
				80FDE9F015C8102F00F8905B /* Debug */,
				80FDE9F115C8102F00F8905B /* Release */,
			);
			defaultConfigurationIsVisible = 0;
			defaultConfigurationName = Release;
		};
		80FDE9F215C8102F00F8905B /* Build configuration list for PBXNativeTarget "Empty" */ = {
			isa = XCConfigurationList;
			buildConfigurations = (
				80FDE9F315C8102F00F8905B /* Debug */,
				80FDE9F415C8102F00F8905B /* Release */,
			);
			defaultConfigurationIsVisible = 0;
			defaultConfigurationName = Release;
		};
		80FDE9F515C8102F00F8905B /* Build configuration list for PBXNativeTarget "EmptyTests" */ = {
			isa = XCConfigurationList;
			buildConfigurations = (
				80FDE9F615C8102F00F8905B /* Debug */,
				80FDE9F715C8102F00F8905B /* Release */,
			);
			defaultConfigurationIsVisible = 0;
			defaultConfigurationName = Release;
		};
/* End XCConfigurationList section */
	};
	rootObject = 80FDE9BC15C8102E00F8905B /* Project object */;
}
